
Microsoft Visual Studio Solution File, Format Version 12.00
# Visual Studio Version 16
VisualStudioVersion = 16.0.28803.352
MinimumVisualStudioVersion = 10.0.40219.1
Project("{FAE04EC0-301F-11D3-BF4B-00C04F79EFBC}") = "first_lacture", "first_lacture\first_lacture.csproj", "{D24FCA69-EBD1-4BE5-8049-AEFE53BF7D73}"
EndProject
Global
	GlobalSection(SolutionConfigurationPlatforms) = preSolution
		Debug|Any CPU = Debug|Any CPU
		Release|Any CPU = Release|Any CPU
	EndGlobalSection
	GlobalSection(ProjectConfigurationPlatforms) = postSolution
		{D24FCA69-EBD1-4BE5-8049-AEFE53BF7D73}.Debug|Any CPU.ActiveCfg = Debug|Any CPU
		{D24FCA69-EBD1-4BE5-8049-AEFE53BF7D73}.Debug|Any CPU.Build.0 = Debug|Any CPU
		{D24FCA69-EBD1-4BE5-8049-AEFE53BF7D73}.Release|Any CPU.ActiveCfg = Release|Any CPU
		{D24FCA69-EBD1-4BE5-8049-AEFE53BF7D73}.Release|Any CPU.Build.0 = Release|Any CPU
	EndGlobalSection
	GlobalSection(SolutionProperties) = preSolution
		HideSolutionNode = FALSE
	EndGlobalSection
	GlobalSection(ExtensibilityGlobals) = postSolution
		SolutionGuid = {13098144-42E2-4EDA-B035-60F9D9F63620}
	EndGlobalSection
EndGlobal
